<?xml version="1.0" encoding="UTF-8" standalone="yes" ?>
<CodeBlocks_project_file>
	<FileVersion major="1" minor="6" />
	<Project>
		<Option title="lista_estatica" />
		<Option pch_mode="2" />
		<Option compiler="gcc" />
		<Build>
			<Target title="Debug">
				<Option output="bin/Debug/lista_estatica" prefix_auto="1" extension_auto="1" />
				<Option object_output="obj/Debug/" />
				<Option type="1" />
				<Option compiler="gcc" />
				<Compiler>
					<Add option="-g" />
					<Add directory="C:/Users/aldo/Projects/lista_estatica/cancion" />
					<Add directory="C:/Users/aldo/Projects/lista_estatica/lista" />
					<Add directory="C:/Users/aldo/Projects/lista_estatica/menucanciones" />
				</Compiler>
				<Linker>
					<Add directory="C:/Users/aldo/Projects/lista_estatica/cancion" />
					<Add directory="C:/Users/aldo/Projects/lista_estatica/lista" />
					<Add directory="C:/Users/aldo/Projects/lista_estatica/menucanciones" />
				</Linker>
			</Target>
			<Target title="Release">
				<Option output="bin/Release/lista_estatica" prefix_auto="1" extension_auto="1" />
				<Option object_output="obj/Release/" />
				<Option type="1" />
				<Option compiler="gcc" />
				<Compiler>
					<Add option="-O2" />
					<Add directory="C:/Users/aldo/Projects/lista_estatica/test" />
					<Add directory="C:/Users/aldo/Projects/lista_estatica/cancion" />
					<Add directory="C:/Users/aldo/Projects/lista_estatica/lista" />
					<Add directory="C:/Users/aldo/Projects/lista_estatica/menucanciones" />
				</Compiler>
				<Linker>
					<Add option="-s" />
				</Linker>
			</Target>
		</Build>
		<Compiler>
			<Add option="-Wall" />
			<Add directory="cancion" />
			<Add directory="lista" />
			<Add directory="menucanciones" />
		</Compiler>
		<Linker>
			<Add directory="cancion" />
			<Add directory="lista" />
			<Add directory="menucanciones" />
		</Linker>
		<Unit filename="cancion/cancion.cpp" />
		<Unit filename="cancion/cancion.h" />
		<Unit filename="lista/lista.cpp" />
		<Unit filename="lista/lista.h" />
		<Unit filename="main.cpp" />
		<Unit filename="menucanciones/menucanciones.cpp" />
		<Unit filename="menucanciones/menucanciones.h" />
		<Extensions>
			<editor_config active="1" use_tabs="0" tab_indents="1" tab_width="4" indent="4" eol_mode="0" />
			<lib_finder disable_auto="1" />
		</Extensions>
	</Project>
</CodeBlocks_project_file>
